// !$*UTF8*$!
{
	archiveVersion = 1;
	classes = {
	};
	objectVersion = 50;
	objects = {

/* Begin PBXBuildFile section */
		EE358EF22487EAB7007BFA56 /* AppDelegate.swift in Sources */ = {isa = PBXBuildFile; fileRef = EE358EF12487EAB7007BFA56 /* AppDelegate.swift */; };
		EE358EF42487EAB7007BFA56 /* SceneDelegate.swift in Sources */ = {isa = PBXBuildFile; fileRef = EE358EF32487EAB7007BFA56 /* SceneDelegate.swift */; };
		EE358EF62487EAB7007BFA56 /* ViewController.swift in Sources */ = {isa = PBXBuildFile; fileRef = EE358EF52487EAB7007BFA56 /* ViewController.swift */; };
		EE358EF92487EAB7007BFA56 /* Main.storyboard in Resources */ = {isa = PBXBuildFile; fileRef = EE358EF72487EAB7007BFA56 /* Main.storyboard */; };
		EE358EFC2487EAB7007BFA56 /* jsonMVCIII.xcdatamodeld in Sources */ = {isa = PBXBuildFile; fileRef = EE358EFA2487EAB7007BFA56 /* jsonMVCIII.xcdatamodeld */; };
		EE358EFE2487EAC0007BFA56 /* Assets.xcassets in Resources */ = {isa = PBXBuildFile; fileRef = EE358EFD2487EAC0007BFA56 /* Assets.xcassets */; };
		EE358F012487EAC0007BFA56 /* LaunchScreen.storyboard in Resources */ = {isa = PBXBuildFile; fileRef = EE358EFF2487EAC0007BFA56 /* LaunchScreen.storyboard */; };
/* End PBXBuildFile section */

/* Begin PBXFileReference section */
		EE358EEE2487EAB7007BFA56 /* jsonMVCIII.app */ = {isa = PBXFileReference; explicitFileType = wrapper.application; includeInIndex = 0; path = jsonMVCIII.app; sourceTree = BUILT_PRODUCTS_DIR; };
		EE358EF12487EAB7007BFA56 /* AppDelegate.swift */ = {isa = PBXFileReference; lastKnownFileType = sourcecode.swift; path = AppDelegate.swift; sourceTree = "<group>"; };
		EE358EF32487EAB7007BFA56 /* SceneDelegate.swift */ = {isa = PBXFileReference; lastKnownFileType = sourcecode.swift; path = SceneDelegate.swift; sourceTree = "<group>"; };
		EE358EF52487EAB7007BFA56 /* ViewController.swift */ = {isa = PBXFileReference; lastKnownFileType = sourcecode.swift; path = ViewController.swift; sourceTree = "<group>"; };
		EE358EF82487EAB7007BFA56 /* Base */ = {isa = PBXFileReference; lastKnownFileType = file.storyboard; name = Base; path = Base.lproj/Main.storyboard; sourceTree = "<group>"; };
		EE358EFB2487EAB7007BFA56 /* jsonMVCIII.xcdatamodel */ = {isa = PBXFileReference; lastKnownFileType = wrapper.xcdatamodel; path = jsonMVCIII.xcdatamodel; sourceTree = "<group>"; };
		EE358EFD2487EAC0007BFA56 /* Assets.xcassets */ = {isa = PBXFileReference; lastKnownFileType = folder.assetcatalog; path = Assets.xcassets; sourceTree = "<group>"; };
		EE358F002487EAC0007BFA56 /* Base */ = {isa = PBXFileReference; lastKnownFileType = file.storyboard; name = Base; path = Base.lproj/LaunchScreen.storyboard; sourceTree = "<group>"; };
		EE358F022487EAC0007BFA56 /* Info.plist */ = {isa = PBXFileReference; lastKnownFileType = text.plist.xml; path = Info.plist; sourceTree = "<group>"; };
/* End PBXFileReference section */

/* Begin PBXFrameworksBuildPhase section */
		EE358EEB2487EAB7007BFA56 /* Frameworks */ = {
			isa = PBXFrameworksBuildPhase;
			buildActionMask = 2147483647;
			files = (
			);
			runOnlyForDeploymentPostprocessing = 0;
		};
/* End PBXFrameworksBuildPhase section */

/* Begin PBXGroup section */
		EE358EE52487EAB7007BFA56 = {
			isa = PBXGroup;
			children = (
				EE358EF02487EAB7007BFA56 /* jsonMVCIII */,
				EE358EEF2487EAB7007BFA56 /* Products */,
			);
			sourceTree = "<group>";
		};
		EE358EEF2487EAB7007BFA56 /* Products */ = {
			isa = PBXGroup;
			children = (
				EE358EEE2487EAB7007BFA56 /* jsonMVCIII.app */,
			);
			name = Products;
			sourceTree = "<group>";
		};
		EE358EF02487EAB7007BFA56 /* jsonMVCIII */ = {
			isa = PBXGroup;
			children = (
				EE358EF12487EAB7007BFA56 /* AppDelegate.swift */,
				EE358EF32487EAB7007BFA56 /* SceneDelegate.swift */,
				EE358EF52487EAB7007BFA56 /* ViewController.swift */,
				EE358EF72487EAB7007BFA56 /* Main.storyboard */,
				EE358EFD2487EAC0007BFA56 /* Assets.xcassets */,
				EE358EFF2487EAC0007BFA56 /* LaunchScreen.storyboard */,
				EE358F022487EAC0007BFA56 /* Info.plist */,
				EE358EFA2487EAB7007BFA56 /* jsonMVCIII.xcdatamodeld */,
			);
			path = jsonMVCIII;
			sourceTree = "<group>";
		};
/* End PBXGroup section */

/* Begin PBXNativeTarget section */
		EE358EED2487EAB7007BFA56 /* jsonMVCIII */ = {
			isa = PBXNativeTarget;
			buildConfigurationList = EE358F052487EAC0007BFA56 /* Build configuration list for PBXNativeTarget "jsonMVCIII" */;
			buildPhases = (
				EE358EEA2487EAB7007BFA56 /* Sources */,
				EE358EEB2487EAB7007BFA56 /* Frameworks */,
				EE358EEC2487EAB7007BFA56 /* Resources */,
			);
			buildRules = (
			);
			dependencies = (
			);
			name = jsonMVCIII;
			productName = jsonMVCIII;
			productReference = EE358EEE2487EAB7007BFA56 /* jsonMVCIII.app */;
			productType = "com.apple.product-type.application";
		};
/* End PBXNativeTarget section */

/* Begin PBXProject section */
		EE358EE62487EAB7007BFA56 /* Project object */ = {
			isa = PBXProject;
			attributes = {
				LastSwiftUpdateCheck = 1150;
				LastUpgradeCheck = 1150;
				ORGANIZATIONNAME = Duale;
				TargetAttributes = {
					EE358EED2487EAB7007BFA56 = {
						CreatedOnToolsVersion = 11.5;
					};
				};
			};
			buildConfigurationList = EE358EE92487EAB7007BFA56 /* Build configuration list for PBXProject "jsonMVCIII" */;
			compatibilityVersion = "Xcode 9.3";
			developmentRegion = en;
			hasScannedForEncodings = 0;
			knownRegions = (
				en,
				Base,
			);
			mainGroup = EE358EE52487EAB7007BFA56;
			productRefGroup = EE358EEF2487EAB7007BFA56 /* Products */;
			projectDirPath = "";
			projectRoot = "";
			targets = (
				EE358EED2487EAB7007BFA56 /* jsonMVCIII */,
			);
		};
/* End PBXProject section */

/* Begin PBXResourcesBuildPhase section */
		EE358EEC2487EAB7007BFA56 /* Resources */ = {
			isa = PBXResourcesBuildPhase;
			buildActionMask = 2147483647;
			files = (
				EE358F012487EAC0007BFA56 /* LaunchScreen.storyboard in Resources */,
				EE358EFE2487EAC0007BFA56 /* Assets.xcassets in Resources */,
				EE358EF92487EAB7007BFA56 /* Main.storyboard in Resources */,
			);
			runOnlyForDeploymentPostprocessing = 0;
		};
/* End PBXResourcesBuildPhase section */

/* Begin PBXSourcesBuildPhase section */
		EE358EEA2487EAB7007BFA56 /* Sources */ = {
			isa = PBXSourcesBuildPhase;
			buildActionMask = 2147483647;
			files = (
				EE358EF62487EAB7007BFA56 /* ViewController.swift in Sources */,
				EE358EF22487EAB7007BFA56 /* AppDelegate.swift in Sources */,
				EE358EFC2487EAB7007BFA56 /* jsonMVCIII.xcdatamodeld in Sources */,
				EE358EF42487EAB7007BFA56 /* SceneDelegate.swift in Sources */,
			);
			runOnlyForDeploymentPostprocessing = 0;
		};
/* End PBXSourcesBuildPhase section */

/* Begin PBXVariantGroup section */
		EE358EF72487EAB7007BFA56 /* Main.storyboard */ = {
			isa = PBXVariantGroup;
			children = (
				EE358EF82487EAB7007BFA56 /* Base */,
			);
			name = Main.storyboard;
			sourceTree = "<group>";
		};
		EE358EFF2487EAC0007BFA56 /* LaunchScreen.storyboard */ = {
			isa = PBXVariantGroup;
			children = (
				EE358F002487EAC0007BFA56 /* Base */,
			);
			name = LaunchScreen.storyboard;
			sourceTree = "<group>";
		};
/* End PBXVariantGroup section */

/* Begin XCBuildConfiguration section */
		EE358F032487EAC0007BFA56 /* Debug */ = {
			isa = XCBuildConfiguration;
			buildSettings = {
				ALWAYS_SEARCH_USER_PATHS = NO;
				CLANG_ANALYZER_NONNULL = YES;
				CLANG_ANALYZER_NUMBER_OBJECT_CONVERSION = YES_AGGRESSIVE;
				CLANG_CXX_LANGUAGE_STANDARD = "gnu++14";
				CLANG_CXX_LIBRARY = "libc++";
				CLANG_ENABLE_MODULES = YES;
				CLANG_ENABLE_OBJC_ARC = YES;
				CLANG_ENABLE_OBJC_WEAK = YES;
				CLANG_WARN_BLOCK_CAPTURE_AUTORELEASING = YES;
				CLANG_WARN_BOOL_CONVERSION = YES;
				CLANG_WARN_COMMA = YES;
				CLANG_WARN_CONSTANT_CONVERSION = YES;
				CLANG_WARN_DEPRECATED_OBJC_IMPLEMENTATIONS = YES;
				CLANG_WARN_DIRECT_OBJC_ISA_USAGE = YES_ERROR;
				CLANG_WARN_DOCUMENTATION_COMMENTS = YES;
				CLANG_WARN_EMPTY_BODY = YES;
				CLANG_WARN_ENUM_CONVERSION = YES;
				CLANG_WARN_INFINITE_RECURSION = YES;
				CLANG_WARN_INT_CONVERSION = YES;
				CLANG_WARN_NON_LITERAL_NULL_CONVERSION = YES;
				CLANG_WARN_OBJC_IMPLICIT_RETAIN_SELF = YES;
				CLANG_WARN_OBJC_LITERAL_CONVERSION = YES;
				CLANG_WARN_OBJC_ROOT_CLASS = YES_ERROR;
				CLANG_WARN_RANGE_LOOP_ANALYSIS = YES;
				CLANG_WARN_STRICT_PROTOTYPES = YES;
				CLANG_WARN_SUSPICIOUS_MOVE = YES;
				CLANG_WARN_UNGUARDED_AVAILABILITY = YES_AGGRESSIVE;
				CLANG_WARN_UNREACHABLE_CODE = YES;
				CLANG_WARN__DUPLICATE_METHOD_MATCH = YES;
				COPY_PHASE_STRIP = NO;
				DEBUG_INFORMATION_FORMAT = dwarf;
				ENABLE_STRICT_OBJC_MSGSEND = YES;
				ENABLE_TESTABILITY = YES;
				GCC_C_LANGUAGE_STANDARD = gnu11;
				GCC_DYNAMIC_NO_PIC = NO;
				GCC_NO_COMMON_BLOCKS = YES;
				GCC_OPTIMIZATION_LEVEL = 0;
				GCC_PREPROCESSOR_DEFINITIONS = (
					"DEBUG=1",
					"$(inherited)",
				);
				GCC_WARN_64_TO_32_BIT_CONVERSION = YES;
				GCC_WARN_ABOUT_RETURN_TYPE = YES_ERROR;
				GCC_WARN_UNDECLARED_SELECTOR = YES;
				GCC_WARN_UNINITIALIZED_AUTOS = YES_AGGRESSIVE;
				GCC_WARN_UNUSED_FUNCTION = YES;
				GCC_WARN_UNUSED_VARIABLE = YES;
				IPHONEOS_DEPLOYMENT_TARGET = 13.5;
				MTL_ENABLE_DEBUG_INFO = INCLUDE_SOURCE;
				MTL_FAST_MATH = YES;
				ONLY_ACTIVE_ARCH = YES;
				SDKROOT = iphoneos;
				SWIFT_ACTIVE_COMPILATION_CONDITIONS = DEBUG;
				SWIFT_OPTIMIZATION_LEVEL = "-Onone";
			};
			name = Debug;
		};
		EE358F042487EAC0007BFA56 /* Release */ = {
			isa = XCBuildConfiguration;
			buildSettings = {
				ALWAYS_SEARCH_USER_PATHS = NO;
				CLANG_ANALYZER_NONNULL = YES;
				CLANG_ANALYZER_NUMBER_OBJECT_CONVERSION = YES_AGGRESSIVE;
				CLANG_CXX_LANGUAGE_STANDARD = "gnu++14";
				CLANG_CXX_LIBRARY = "libc++";
				CLANG_ENABLE_MODULES = YES;
				CLANG_ENABLE_OBJC_ARC = YES;
				CLANG_ENABLE_OBJC_WEAK = YES;
				CLANG_WARN_BLOCK_CAPTURE_AUTORELEASING = YES;
				CLANG_WARN_BOOL_CONVERSION = YES;
				CLANG_WARN_COMMA = YES;
				CLANG_WARN_CONSTANT_CONVERSION = YES;
				CLANG_WARN_DEPRECATED_OBJC_IMPLEMENTATIONS = YES;
				CLANG_WARN_DIRECT_OBJC_ISA_USAGE = YES_ERROR;
				CLANG_WARN_DOCUMENTATION_COMMENTS = YES;
				CLANG_WARN_EMPTY_BODY = YES;
				CLANG_WARN_ENUM_CONVERSION = YES;
				CLANG_WARN_INFINITE_RECURSION = YES;
				CLANG_WARN_INT_CONVERSION = YES;
				CLANG_WARN_NON_LITERAL_NULL_CONVERSION = YES;
				CLANG_WARN_OBJC_IMPLICIT_RETAIN_SELF = YES;
				CLANG_WARN_OBJC_LITERAL_CONVERSION = YES;
				CLANG_WARN_OBJC_ROOT_CLASS = YES_ERROR;
				CLANG_WARN_RANGE_LOOP_ANALYSIS = YES;
				CLANG_WARN_STRICT_PROTOTYPES = YES;
				CLANG_WARN_SUSPICIOUS_MOVE = YES;
				CLANG_WARN_UNGUARDED_AVAILABILITY = YES_AGGRESSIVE;
				CLANG_WARN_UNREACHABLE_CODE = YES;
				CLANG_WARN__DUPLICATE_METHOD_MATCH = YES;
				COPY_PHASE_STRIP = NO;
				DEBUG_INFORMATION_FORMAT = "dwarf-with-dsym";
				ENABLE_NS_ASSERTIONS = NO;
				ENABLE_STRICT_OBJC_MSGSEND = YES;
				GCC_C_LANGUAGE_STANDARD = gnu11;
				GCC_NO_COMMON_BLOCKS = YES;
				GCC_WARN_64_TO_32_BIT_CONVERSION = YES;
				GCC_WARN_ABOUT_RETURN_TYPE = YES_ERROR;
				GCC_WARN_UNDECLARED_SELECTOR = YES;
				GCC_WARN_UNINITIALIZED_AUTOS = YES_AGGRESSIVE;
				GCC_WARN_UNUSED_FUNCTION = YES;
				GCC_WARN_UNUSED_VARIABLE = YES;
				IPHONEOS_DEPLOYMENT_TARGET = 13.5;
				MTL_ENABLE_DEBUG_INFO = NO;
				MTL_FAST_MATH = YES;
				SDKROOT = iphoneos;
				SWIFT_COMPILATION_MODE = wholemodule;
				SWIFT_OPTIMIZATION_LEVEL = "-O";
				VALIDATE_PRODUCT = YES;
			};
			name = Release;
		};
		EE358F062487EAC0007BFA56 /* Debug */ = {
			isa = XCBuildConfiguration;
			buildSettings = {
				ASSETCATALOG_COMPILER_APPICON_NAME = AppIcon;
				CODE_SIGN_STYLE = Automatic;
				DEVELOPMENT_TEAM = GG9M3SY3Q6;
				INFOPLIST_FILE = jsonMVCIII/Info.plist;
				LD_RUNPATH_SEARCH_PATHS = (
					"$(inherited)",
					"@executable_path/Frameworks",
				);
				PRODUCT_BUNDLE_IDENTIFIER = com.dualemahat.jsonMVCIII;
				PRODUCT_NAME = "$(TARGET_NAME)";
				SWIFT_VERSION = 5.0;
				TARGETED_DEVICE_FAMILY = "1,2";
			};
			name = Debug;
		};
		EE358F072487EAC0007BFA56 /* Release */ = {
			isa = XCBuildConfiguration;
			buildSettings = {
				ASSETCATALOG_COMPILER_APPICON_NAME = AppIcon;
				CODE_SIGN_STYLE = Automatic;
				DEVELOPMENT_TEAM = GG9M3SY3Q6;
				INFOPLIST_FILE = jsonMVCIII/Info.plist;
				LD_RUNPATH_SEARCH_PATHS = (
					"$(inherited)",
					"@executable_path/Frameworks",
				);
				PRODUCT_BUNDLE_IDENTIFIER = com.dualemahat.jsonMVCIII;
				PRODUCT_NAME = "$(TARGET_NAME)";
				SWIFT_VERSION = 5.0;
				TARGETED_DEVICE_FAMILY = "1,2";
			};
			name = Release;
		};
/* End XCBuildConfiguration section */

/* Begin XCConfigurationList section */
		EE358EE92487EAB7007BFA56 /* Build configuration list for PBXProject "jsonMVCIII" */ = {
			isa = XCConfigurationList;
			buildConfigurations = (
				EE358F032487EAC0007BFA56 /* Debug */,
				EE358F042487EAC0007BFA56 /* Release */,
			);
			defaultConfigurationIsVisible = 0;
			defaultConfigurationName = Release;
		};
		EE358F052487EAC0007BFA56 /* Build configuration list for PBXNativeTarget "jsonMVCIII" */ = {
			isa = XCConfigurationList;
			buildConfigurations = (
				EE358F062487EAC0007BFA56 /* Debug */,
				EE358F072487EAC0007BFA56 /* Release */,
			);
			defaultConfigurationIsVisible = 0;
			defaultConfigurationName = Release;
		};
/* End XCConfigurationList section */

/* Begin XCVersionGroup section */
		EE358EFA2487EAB7007BFA56 /* jsonMVCIII.xcdatamodeld */ = {
			isa = XCVersionGroup;
			children = (
				EE358EFB2487EAB7007BFA56 /* jsonMVCIII.xcdatamodel */,
			);
			currentVersion = EE358EFB2487EAB7007BFA56 /* jsonMVCIII.xcdatamodel */;
			path = jsonMVCIII.xcdatamodeld;
			sourceTree = "<group>";
			versionGroupType = wrapper.xcdatamodel;
		};
/* End XCVersionGroup section */
	};
	rootObject = EE358EE62487EAB7007BFA56 /* Project object */;
}
